<?xml version="1.0" encoding="utf-8"?>
<Project ToolsVersion="4.0" xmlns="http://schemas.microsoft.com/developer/msbuild/2003">
  <ItemGroup>
    <Filter Include="src">
      <UniqueIdentifier>{c4d4da1c-81e2-4944-901c-200e1c4d80e5}</UniqueIdentifier>
    </Filter>
    <Filter Include="res">
      <UniqueIdentifier>{4a30ac71-e135-47d3-9f56-baac7cffe64c}</UniqueIdentifier>
    </Filter>
    <Filter Include="res\shaders">
      <UniqueIdentifier>{be0b36f1-49ed-4a06-9f1f-57c654a554fe}</UniqueIdentifier>
    </Filter>
    <Filter Include="res\materials">
      <UniqueIdentifier>{b5f23c37-1023-4796-ba7b-b45aa30d67b6}</UniqueIdentifier>
    </Filter>
    <Filter Include="res\ui">
      <UniqueIdentifier>{eb377577-593a-469f-9361-b6950a99e431}</UniqueIdentifier>
    </Filter>
    <Filter Include="src\Util">
      <UniqueIdentifier>{aac44ca7-0dd2-441a-a4b1-2a0df9e2f6fa}</UniqueIdentifier>
    </Filter>
  </ItemGroup>
  <ItemGroup>
    <ClInclude Include="src\Vector2.h">
      <Filter>src</Filter>
    </ClInclude>
    <ClInclude Include="src\Base.h">
      <Filter>src</Filter>
    </ClInclude>
    <ClInclude Include="src\Iron.h">
      <Filter>src</Filter>
    </ClInclude>
    <ClInclude Include="src\IronMath.h">
      <Filter>src</Filter>
    </ClInclude>
    <ClInclude Include="src\Util\Log.h">
      <Filter>src\Util</Filter>
    </ClInclude>
  </ItemGroup>
  <ItemGroup>
    <ClCompile Include="src\Vector2.cpp">
      <Filter>src</Filter>
    </ClCompile>
    <ClCompile Include="src\main.cpp">
      <Filter>src</Filter>
    </ClCompile>
    <ClCompile Include="src\IronMath.cpp">
      <Filter>src</Filter>
    </ClCompile>
    <ClCompile Include="src\Util\Log.cpp">
      <Filter>src\Util</Filter>
    </ClCompile>
  </ItemGroup>
  <ItemGroup>
    <None Include="src\Vector2.inl">
      <Filter>src</Filter>
    </None>
  </ItemGroup>
</Project>