<?xml version="1.0" encoding="utf-8"?>
<Project ToolsVersion="4.0" xmlns="http://schemas.microsoft.com/developer/msbuild/2003">
  <ItemGroup>
    <Filter Include="Source Files">
      <UniqueIdentifier>{4FC737F1-C7A5-4376-A066-2A32D752A2FF}</UniqueIdentifier>
      <Extensions>cpp;c;cc;cxx;def;odl;idl;hpj;bat;asm;asmx</Extensions>
    </Filter>
    <Filter Include="Header Files">
      <UniqueIdentifier>{93995380-89BD-4b04-88EB-625FBE52EBFB}</UniqueIdentifier>
      <Extensions>h;hpp;hxx;hm;inl;inc;xsd</Extensions>
    </Filter>
    <Filter Include="Resource Files">
      <UniqueIdentifier>{67DA6AB6-F800-4c08-8B7A-83BB121AAD01}</UniqueIdentifier>
      <Extensions>rc;ico;cur;bmp;dlg;rc2;rct;bin;rgs;gif;jpg;jpeg;jpe;resx;tiff;tif;png;wav;mfcribbon-ms</Extensions>
    </Filter>
    <Filter Include="Source Files\Graphics">
      <UniqueIdentifier>{8a51ba09-bb98-48fd-bc98-6cf7d5c31178}</UniqueIdentifier>
    </Filter>
    <Filter Include="Header Files\Graphics">
      <UniqueIdentifier>{985ab85d-e613-4b07-ab7e-68d8c9d5bae6}</UniqueIdentifier>
    </Filter>
    <Filter Include="Header Files\General">
      <UniqueIdentifier>{4b8f96e1-908a-4a22-ad73-02be0130a8fb}</UniqueIdentifier>
    </Filter>
    <Filter Include="Source Files\General">
      <UniqueIdentifier>{db1bdad0-cc36-49de-bc61-6cb3886e74c1}</UniqueIdentifier>
    </Filter>
    <Filter Include="Header Files\Graphics\Geometry">
      <UniqueIdentifier>{8ab3a2b7-d67f-406a-83d2-383f078367f2}</UniqueIdentifier>
    </Filter>
    <Filter Include="Source Files\Graphics\Geometry">
      <UniqueIdentifier>{779838a1-5cbf-4a10-910a-9fe6d4983d5d}</UniqueIdentifier>
    </Filter>
    <Filter Include="Header Files\Util">
      <UniqueIdentifier>{f87bbf17-fa88-417c-926e-0a8baee437b7}</UniqueIdentifier>
    </Filter>
    <Filter Include="Source Files\Util">
      <UniqueIdentifier>{1a0accd3-45e6-4bd1-8049-723767f3f7d8}</UniqueIdentifier>
    </Filter>
    <Filter Include="Header Files\Graphics\Text">
      <UniqueIdentifier>{61c0c48f-23f6-4457-8f1d-57ee646264f0}</UniqueIdentifier>
    </Filter>
    <Filter Include="Source Files\Graphics\Text">
      <UniqueIdentifier>{05fae205-e464-479e-9063-3e210885836f}</UniqueIdentifier>
    </Filter>
  </ItemGroup>
  <ItemGroup>
    <None Include="res\texture07.png">
      <Filter>Resource Files</Filter>
    </None>
  </ItemGroup>
  <ItemGroup>
    <ClCompile Include="src\Graphics\Screen.cpp">
      <Filter>Source Files\Graphics</Filter>
    </ClCompile>
    <ClCompile Include="src\Graphics\Colors.cpp">
      <Filter>Source Files\Graphics</Filter>
    </ClCompile>
    <ClCompile Include="src\main.cpp">
      <Filter>Source Files</Filter>
    </ClCompile>
    <ClCompile Include="src\Graphics\Sprite.cpp">
      <Filter>Source Files\Graphics</Filter>
    </ClCompile>
    <ClCompile Include="src\Graphics\SpriteSheet.cpp">
      <Filter>Source Files\Graphics</Filter>
    </ClCompile>
    <ClCompile Include="src\Graphics\Animation.cpp">
      <Filter>Source Files\Graphics</Filter>
    </ClCompile>
    <ClCompile Include="src\Graphics\Animations.cpp">
      <Filter>Source Files\Graphics</Filter>
    </ClCompile>
    <ClCompile Include="src\General\World.cpp">
      <Filter>Source Files\General</Filter>
    </ClCompile>
    <ClCompile Include="src\Graphics\Geometry\GeometryObject.cpp">
      <Filter>Source Files\Graphics\Geometry</Filter>
    </ClCompile>
    <ClCompile Include="src\Util\Vector2.cpp">
      <Filter>Source Files\Util</Filter>
    </ClCompile>
    <ClCompile Include="src\Util\Math.cpp">
      <Filter>Source Files\Util</Filter>
    </ClCompile>
    <ClCompile Include="src\Util\Log.cpp">
      <Filter>Source Files\Util</Filter>
    </ClCompile>
    <ClCompile Include="src\General\GameObject.cpp">
      <Filter>Source Files\General</Filter>
    </ClCompile>
    <ClCompile Include="src\Graphics\Geometry\GeometryDot.cpp">
      <Filter>Source Files\Graphics\Geometry</Filter>
    </ClCompile>
    <ClCompile Include="src\Graphics\Geometry\GeometryLine.cpp">
      <Filter>Source Files\Graphics\Geometry</Filter>
    </ClCompile>
    <ClCompile Include="src\Graphics\Geometry\GeometryTriangle.cpp">
      <Filter>Source Files\Graphics\Geometry</Filter>
    </ClCompile>
    <ClCompile Include="src\Util\Timer.cpp">
      <Filter>Source Files\Util</Filter>
    </ClCompile>
    <ClCompile Include="src\Graphics\FontManager.cpp">
      <Filter>Source Files\Graphics</Filter>
    </ClCompile>
    <ClCompile Include="src\Graphics\Text\TTFText.cpp">
      <Filter>Source Files\Graphics\Text</Filter>
    </ClCompile>
    <ClCompile Include="src\Graphics\Font.cpp">
      <Filter>Source Files\Graphics</Filter>
    </ClCompile>
  </ItemGroup>
  <ItemGroup>
    <ClInclude Include="src\Graphics\Screen.h">
      <Filter>Header Files\Graphics</Filter>
    </ClInclude>
    <ClInclude Include="src\Graphics\Colors.h">
      <Filter>Header Files\Graphics</Filter>
    </ClInclude>
    <ClInclude Include="src\Graphics\Sprite.h">
      <Filter>Header Files\Graphics</Filter>
    </ClInclude>
    <ClInclude Include="src\Graphics\SpriteSheet.h">
      <Filter>Header Files\Graphics</Filter>
    </ClInclude>
    <ClInclude Include="src\Graphics\Animation.h">
      <Filter>Header Files\Graphics</Filter>
    </ClInclude>
    <ClInclude Include="src\Graphics\Animations.h">
      <Filter>Header Files\Graphics</Filter>
    </ClInclude>
    <ClInclude Include="src\General\World.h">
      <Filter>Header Files\General</Filter>
    </ClInclude>
    <ClInclude Include="src\Graphics\Geometry\GeometryObject.h">
      <Filter>Header Files\Graphics\Geometry</Filter>
    </ClInclude>
    <ClInclude Include="src\Util\Vector2.h">
      <Filter>Header Files\Util</Filter>
    </ClInclude>
    <ClInclude Include="src\Util\Math.h">
      <Filter>Header Files\Util</Filter>
    </ClInclude>
    <ClInclude Include="src\Util\Log.h">
      <Filter>Header Files\Util</Filter>
    </ClInclude>
    <ClInclude Include="src\Util\Singleton.h">
      <Filter>Header Files\Util</Filter>
    </ClInclude>
    <ClInclude Include="src\General\GameObject.h">
      <Filter>Header Files\General</Filter>
    </ClInclude>
    <ClInclude Include="src\Graphics\Geometry\GeometryDot.h">
      <Filter>Header Files\Graphics\Geometry</Filter>
    </ClInclude>
    <ClInclude Include="src\Graphics\Geometry\GeometryLine.h">
      <Filter>Header Files\Graphics\Geometry</Filter>
    </ClInclude>
    <ClInclude Include="src\Graphics\Geometry\GeometryTriangle.h">
      <Filter>Header Files\Graphics\Geometry</Filter>
    </ClInclude>
    <ClInclude Include="src\Util\Timer.h">
      <Filter>Header Files\Util</Filter>
    </ClInclude>
    <ClInclude Include="src\Graphics\FontManager.h">
      <Filter>Header Files\Graphics</Filter>
    </ClInclude>
    <ClInclude Include="src\Graphics\Text\TTFText.h">
      <Filter>Header Files\Graphics\Text</Filter>
    </ClInclude>
    <ClInclude Include="src\Graphics\Font.h">
      <Filter>Header Files\Graphics</Filter>
    </ClInclude>
  </ItemGroup>
</Project>